<Solution>
  <Folder Name="/src/">
    <Project Path="src/Application/Application.csproj" />
    <Project Path="src/Domain/Domain.csproj" />
    <Project Path="src/Infrastructure/Infrastructure.csproj" />
    <Project Path="src/Web/Web.csproj" />
  </Folder>
  <Folder Name="/tests/">
    <Project Path="tests/Web.Tests/Web.Tests.csproj" />
  </Folder>
</Solution>
